
Microsoft Visual Studio Solution File, Format Version 12.00
# Visual Studio Express 2012 for Windows Desktop
Project("{FAE04EC0-301F-11D3-BF4B-00C04F79EFBC}") = "VTDemobuilder", "VTDemobuilder\VTDemobuilder.csproj", "{144ABE39-F632-4C6A-AE63-F0651491D981}"
EndProject
Global
	GlobalSection(SolutionConfigurationPlatforms) = preSolution
		Debug|Any CPU = Debug|Any CPU
		Release|Any CPU = Release|Any CPU
	EndGlobalSection
	GlobalSection(ProjectConfigurationPlatforms) = postSolution
		{144ABE39-F632-4C6A-AE63-F0651491D981}.Debug|Any CPU.ActiveCfg = Debug|Any CPU
		{144ABE39-F632-4C6A-AE63-F0651491D981}.Debug|Any CPU.Build.0 = Debug|Any CPU
		{144ABE39-F632-4C6A-AE63-F0651491D981}.Release|Any CPU.ActiveCfg = Release|Any CPU
		{144ABE39-F632-4C6A-AE63-F0651491D981}.Release|Any CPU.Build.0 = Release|Any CPU
	EndGlobalSection
	GlobalSection(SolutionProperties) = preSolution
		HideSolutionNode = FALSE
	EndGlobalSection
EndGlobal
